dependencies:
- name: jupyterhub
  repository: https://jupyterhub.github.io/helm-chart/
  version: 0.8.2
- name: airflow
  repository: https://charts.bitnami.com/bitnami
  version: 4.1.1
- name: sparkoperator
  repository: http://storage.googleapis.com/kubernetes-charts-incubator
  version: 0.6.2
digest: sha256:bee6197cab17857baeb2e5522290a2b3ddac937eba1b627061648e14e9e21dff
generated: "2020-01-29T22:52:54.981039385-06:00"
